
Microsoft Visual Studio Solution File, Format Version 12.00
# Visual Studio Version 16
VisualStudioVersion = 16.0.29709.97
MinimumVisualStudioVersion = 10.0.40219.1
Project("{FAE04EC0-301F-11D3-BF4B-00C04F79EFBC}") = "Задача 1.4", "Задача 1.4\Задача 1.4.csproj", "{16EF4F50-1524-4302-8909-DE649D2671F2}"
EndProject
Project("{FAE04EC0-301F-11D3-BF4B-00C04F79EFBC}") = "Задача 1.8", "Задача 1.8\Задача 1.8.csproj", "{167D68AE-9C3F-4937-8385-F51F32DFAD89}"
EndProject
Project("{FAE04EC0-301F-11D3-BF4B-00C04F79EFBC}") = "ConsoleApp1", "ConsoleApp1\ConsoleApp1.csproj", "{89835350-CCB0-44C6-954D-7EA328CE2A45}"
EndProject
Project("{FAE04EC0-301F-11D3-BF4B-00C04F79EFBC}") = "Задача 1.9", "Задача 1.9\Задача 1.9.csproj", "{63996D15-12B2-4C95-8E3A-34E8F54E56CC}"
EndProject
Project("{FAE04EC0-301F-11D3-BF4B-00C04F79EFBC}") = "Задача 2.3", "Задача 2.3\Задача 2.3.csproj", "{285903AA-6198-449E-A582-E5EE309EDED4}"
EndProject
Project("{FAE04EC0-301F-11D3-BF4B-00C04F79EFBC}") = "Задача 2.4", "Задача 2.4\Задача 2.4.csproj", "{BB4BF240-55C0-4F12-827E-343E530EC76F}"
EndProject
Project("{FAE04EC0-301F-11D3-BF4B-00C04F79EFBC}") = "Задача 2.5", "Задача 2.5\Задача 2.5.csproj", "{1F260193-4562-4B8E-9EB8-4B43AB85AD6E}"
EndProject
Project("{FAE04EC0-301F-11D3-BF4B-00C04F79EFBC}") = "Задача 2.2", "Задача 2.2\Задача 2.2.csproj", "{574725BE-042A-492A-81AA-17080BAB549F}"
EndProject
Project("{FAE04EC0-301F-11D3-BF4B-00C04F79EFBC}") = "Задача 1.2", "Задача 1.2\Задача 1.2.csproj", "{A61C5C93-917B-4596-824B-74A3AA49481A}"
EndProject
Project("{FAE04EC0-301F-11D3-BF4B-00C04F79EFBC}") = "Задача 1.19", "Задача 1.19\Задача 1.19.csproj", "{E7F76298-67D3-4A04-9910-8EA6A4F76820}"
EndProject
Project("{FAE04EC0-301F-11D3-BF4B-00C04F79EFBC}") = "Задача 1.16", "Задача 1.16\Задача 1.16.csproj", "{4474E31D-1218-44B0-8CEE-06A4CB8E0818}"
EndProject
Project("{FAE04EC0-301F-11D3-BF4B-00C04F79EFBC}") = "Задача 1.15", "Задача 1.15\Задача 1.15.csproj", "{A073DA3D-FB09-40A5-B6FE-55C2390D762C}"
EndProject
Project("{FAE04EC0-301F-11D3-BF4B-00C04F79EFBC}") = "Задача 1.10", "Задача 1.10\Задача 1.10.csproj", "{38F8E4B8-D311-436E-8E3E-D3FDB8B5FFB4}"
EndProject
Project("{FAE04EC0-301F-11D3-BF4B-00C04F79EFBC}") = "Задача 4.1", "Задача 3.1\Задача 4.1.csproj", "{4691FB05-580F-40DF-92CA-E299AC4385B7}"
EndProject
Project("{FAE04EC0-301F-11D3-BF4B-00C04F79EFBC}") = "Задача 4.5", "Задача 4.5\Задача 4.5.csproj", "{76B8E56A-CD22-4736-9B85-180E4EE050FD}"
EndProject
Project("{FAE04EC0-301F-11D3-BF4B-00C04F79EFBC}") = "Задача 4.9", "Задача 4.9\Задача 4.9.csproj", "{D1A0734C-BA88-4FE2-9BF7-598033CBFCA8}"
EndProject
Project("{FAE04EC0-301F-11D3-BF4B-00C04F79EFBC}") = "Задача 4.10", "Задача 4.10\Задача 4.10.csproj", "{63ACC62E-A6F8-4139-B898-40D8070160E5}"
EndProject
Project("{FAE04EC0-301F-11D3-BF4B-00C04F79EFBC}") = "Задача 5.8", "Задача 5.8\Задача 5.8.csproj", "{20A140BC-AEAF-4E0A-9E12-ED971A4ACA56}"
EndProject
Project("{FAE04EC0-301F-11D3-BF4B-00C04F79EFBC}") = "Задача 4.20", "Задача 4.20\Задача 4.20.csproj", "{9E405BDC-4FD8-46F3-9E09-1A8C863D1914}"
EndProject
Project("{FAE04EC0-301F-11D3-BF4B-00C04F79EFBC}") = "Задача 1.3", "Задача 1.3\Задача 1.3.csproj", "{ED576C7D-0A0C-4071-B30E-F47AB979EDB7}"
EndProject
Project("{FAE04EC0-301F-11D3-BF4B-00C04F79EFBC}") = "Задача 1.5", "Задача 1.5\Задача 1.5.csproj", "{6E9433B3-C0C5-4E03-9E54-65BDF30AFC64}"
EndProject
Project("{FAE04EC0-301F-11D3-BF4B-00C04F79EFBC}") = "Задача 1.6", "Задача 1.6\Задача 1.6.csproj", "{E37903C9-1DE9-4AC7-969F-CB64C0C1F6BE}"
EndProject
Project("{FAE04EC0-301F-11D3-BF4B-00C04F79EFBC}") = "Задача 1.7", "Задача 1.7\Задача 1.7.csproj", "{2D8D46CA-6C7F-435D-AD28-A0B747261D34}"
EndProject
Project("{FAE04EC0-301F-11D3-BF4B-00C04F79EFBC}") = "Задача 1.11", "Задача 1.11\Задача 1.11.csproj", "{C33A44F5-321E-4BE1-8CB5-6FB1E43D26C8}"
EndProject
Project("{FAE04EC0-301F-11D3-BF4B-00C04F79EFBC}") = "Задача 5.9", "Задача 5.9\Задача 5.9.csproj", "{E4CE9739-ED66-4F57-A4BC-385669FD74B6}"
EndProject
Project("{FAE04EC0-301F-11D3-BF4B-00C04F79EFBC}") = "Задача 6.8", "Задача 6.8\Задача 6.8.csproj", "{B6BE1303-41D6-4BEC-A5C9-C16A6C18C1F2}"
EndProject
Project("{FAE04EC0-301F-11D3-BF4B-00C04F79EFBC}") = "Задача 6.1", "Задача 6.1\Задача 6.1.csproj", "{9E77D376-F4A6-4651-B3E3-7753D5D8F3AE}"
EndProject
Project("{FAE04EC0-301F-11D3-BF4B-00C04F79EFBC}") = "Задача 6.2", "Задача 6.2\Задача 6.2.csproj", "{F1BF9D65-3A5D-4C43-AAD7-8F95E7F46D01}"
EndProject
Project("{FAE04EC0-301F-11D3-BF4B-00C04F79EFBC}") = "Задача 6.3", "Задача 6.3\Задача 6.3.csproj", "{2956A7E3-F016-4C18-ABBA-9402873DDB93}"
EndProject
Project("{FAE04EC0-301F-11D3-BF4B-00C04F79EFBC}") = "Задача 6.5", "Задача 6.5\Задача 6.5.csproj", "{BFBF7B24-366C-4FF9-A697-5BEC9977D59E}"
EndProject
Project("{FAE04EC0-301F-11D3-BF4B-00C04F79EFBC}") = "Задача 6.6", "Задача 6.6\Задача 6.6.csproj", "{71899DAD-8701-4B07-9A83-AB14ECAAA44E}"
EndProject
Project("{FAE04EC0-301F-11D3-BF4B-00C04F79EFBC}") = "Задача 6.7", "Задача 6.7\Задача 6.7.csproj", "{10E839B9-46F7-4505-8106-06112702161C}"
EndProject
Project("{FAE04EC0-301F-11D3-BF4B-00C04F79EFBC}") = "Задача 6.4", "Задача 6.4\Задача 6.4.csproj", "{609D386F-ED74-4300-9014-7359F4839DB0}"
EndProject
Project("{FAE04EC0-301F-11D3-BF4B-00C04F79EFBC}") = "Задача 6.14", "Задача 6.14\Задача 6.14.csproj", "{950A6B70-46DD-470B-AD08-5DDC6B2B062A}"
EndProject
Project("{FAE04EC0-301F-11D3-BF4B-00C04F79EFBC}") = "Задача 9", "PaintingApp\Задача 9.csproj", "{529BE56F-74F3-441E-9D94-4711826D62EE}"
EndProject
Project("{FAE04EC0-301F-11D3-BF4B-00C04F79EFBC}") = "Задача 10", "Задача 10\Задача 10.csproj", "{5BE7CDF4-5CB5-4F0D-9041-2FCFF8DE28CC}"
EndProject
Project("{FAE04EC0-301F-11D3-BF4B-00C04F79EFBC}") = "PaintingApp", "PaintingApp\PaintingApp.csproj", "{2459FF44-4BD6-4808-8B34-2F8352411B6F}"
EndProject
Project("{FAE04EC0-301F-11D3-BF4B-00C04F79EFBC}") = "Задача 6.15", "Задача 6.15\Задача 6.15.csproj", "{3906A843-FD86-407A-A601-F2A4055ECA00}"
EndProject
Project("{FAE04EC0-301F-11D3-BF4B-00C04F79EFBC}") = "Задача 6.19", "Задача 6.19\Задача 6.19.csproj", "{AB9FF23B-4CC4-42C8-9B14-533F9A5DA3EC}"
EndProject
Project("{FAE04EC0-301F-11D3-BF4B-00C04F79EFBC}") = "Задача 6.17", "Задача 6.17\Задача 6.17.csproj", "{8E78B961-C236-4BE9-AC7A-03D21E2CBB5F}"
EndProject
Project("{FAE04EC0-301F-11D3-BF4B-00C04F79EFBC}") = "Задача 6.16", "Задача 6.16\Задача 6.16.csproj", "{B82D4666-F1B9-4EA7-B729-6E3B2266BE97}"
EndProject
Project("{FAE04EC0-301F-11D3-BF4B-00C04F79EFBC}") = "Задача 6.18", "Задача 6.18\Задача 6.18.csproj", "{958F02D4-AB2C-468D-8DB2-A5194641345F}"
EndProject
Project("{FAE04EC0-301F-11D3-BF4B-00C04F79EFBC}") = "Задача 6.20", "Задача 6.20\Задача 6.20.csproj", "{4124FCBB-4FB9-4FD1-9432-6B41558649B8}"
EndProject
Project("{FAE04EC0-301F-11D3-BF4B-00C04F79EFBC}") = "Задача 6.21", "Задача 6.21\Задача 6.21.csproj", "{D39F64E7-04A0-413A-8EB8-486466DF5145}"
EndProject
Project("{FAE04EC0-301F-11D3-BF4B-00C04F79EFBC}") = "Задача 6.22", "Задача 6.22\Задача 6.22.csproj", "{A4D06E63-D2CE-41EF-9ABF-483167082AB3}"
EndProject
Global
	GlobalSection(SolutionConfigurationPlatforms) = preSolution
		Debug|Any CPU = Debug|Any CPU
		Release|Any CPU = Release|Any CPU
	EndGlobalSection
	GlobalSection(ProjectConfigurationPlatforms) = postSolution
		{16EF4F50-1524-4302-8909-DE649D2671F2}.Debug|Any CPU.ActiveCfg = Debug|Any CPU
		{16EF4F50-1524-4302-8909-DE649D2671F2}.Debug|Any CPU.Build.0 = Debug|Any CPU
		{16EF4F50-1524-4302-8909-DE649D2671F2}.Release|Any CPU.ActiveCfg = Release|Any CPU
		{16EF4F50-1524-4302-8909-DE649D2671F2}.Release|Any CPU.Build.0 = Release|Any CPU
		{167D68AE-9C3F-4937-8385-F51F32DFAD89}.Debug|Any CPU.ActiveCfg = Debug|Any CPU
		{167D68AE-9C3F-4937-8385-F51F32DFAD89}.Debug|Any CPU.Build.0 = Debug|Any CPU
		{167D68AE-9C3F-4937-8385-F51F32DFAD89}.Release|Any CPU.ActiveCfg = Release|Any CPU
		{167D68AE-9C3F-4937-8385-F51F32DFAD89}.Release|Any CPU.Build.0 = Release|Any CPU
		{89835350-CCB0-44C6-954D-7EA328CE2A45}.Debug|Any CPU.ActiveCfg = Debug|Any CPU
		{89835350-CCB0-44C6-954D-7EA328CE2A45}.Debug|Any CPU.Build.0 = Debug|Any CPU
		{89835350-CCB0-44C6-954D-7EA328CE2A45}.Release|Any CPU.ActiveCfg = Release|Any CPU
		{89835350-CCB0-44C6-954D-7EA328CE2A45}.Release|Any CPU.Build.0 = Release|Any CPU
		{63996D15-12B2-4C95-8E3A-34E8F54E56CC}.Debug|Any CPU.ActiveCfg = Debug|Any CPU
		{63996D15-12B2-4C95-8E3A-34E8F54E56CC}.Debug|Any CPU.Build.0 = Debug|Any CPU
		{63996D15-12B2-4C95-8E3A-34E8F54E56CC}.Release|Any CPU.ActiveCfg = Release|Any CPU
		{63996D15-12B2-4C95-8E3A-34E8F54E56CC}.Release|Any CPU.Build.0 = Release|Any CPU
		{285903AA-6198-449E-A582-E5EE309EDED4}.Debug|Any CPU.ActiveCfg = Debug|Any CPU
		{285903AA-6198-449E-A582-E5EE309EDED4}.Debug|Any CPU.Build.0 = Debug|Any CPU
		{285903AA-6198-449E-A582-E5EE309EDED4}.Release|Any CPU.ActiveCfg = Release|Any CPU
		{285903AA-6198-449E-A582-E5EE309EDED4}.Release|Any CPU.Build.0 = Release|Any CPU
		{BB4BF240-55C0-4F12-827E-343E530EC76F}.Debug|Any CPU.ActiveCfg = Debug|Any CPU
		{BB4BF240-55C0-4F12-827E-343E530EC76F}.Debug|Any CPU.Build.0 = Debug|Any CPU
		{BB4BF240-55C0-4F12-827E-343E530EC76F}.Release|Any CPU.ActiveCfg = Release|Any CPU
		{BB4BF240-55C0-4F12-827E-343E530EC76F}.Release|Any CPU.Build.0 = Release|Any CPU
		{1F260193-4562-4B8E-9EB8-4B43AB85AD6E}.Debug|Any CPU.ActiveCfg = Debug|Any CPU
		{1F260193-4562-4B8E-9EB8-4B43AB85AD6E}.Debug|Any CPU.Build.0 = Debug|Any CPU
		{1F260193-4562-4B8E-9EB8-4B43AB85AD6E}.Release|Any CPU.ActiveCfg = Release|Any CPU
		{1F260193-4562-4B8E-9EB8-4B43AB85AD6E}.Release|Any CPU.Build.0 = Release|Any CPU
		{574725BE-042A-492A-81AA-17080BAB549F}.Debug|Any CPU.ActiveCfg = Debug|Any CPU
		{574725BE-042A-492A-81AA-17080BAB549F}.Debug|Any CPU.Build.0 = Debug|Any CPU
		{574725BE-042A-492A-81AA-17080BAB549F}.Release|Any CPU.ActiveCfg = Release|Any CPU
		{574725BE-042A-492A-81AA-17080BAB549F}.Release|Any CPU.Build.0 = Release|Any CPU
		{A61C5C93-917B-4596-824B-74A3AA49481A}.Debug|Any CPU.ActiveCfg = Debug|Any CPU
		{A61C5C93-917B-4596-824B-74A3AA49481A}.Debug|Any CPU.Build.0 = Debug|Any CPU
		{A61C5C93-917B-4596-824B-74A3AA49481A}.Release|Any CPU.ActiveCfg = Release|Any CPU
		{A61C5C93-917B-4596-824B-74A3AA49481A}.Release|Any CPU.Build.0 = Release|Any CPU
		{E7F76298-67D3-4A04-9910-8EA6A4F76820}.Debug|Any CPU.ActiveCfg = Debug|Any CPU
		{E7F76298-67D3-4A04-9910-8EA6A4F76820}.Debug|Any CPU.Build.0 = Debug|Any CPU
		{E7F76298-67D3-4A04-9910-8EA6A4F76820}.Release|Any CPU.ActiveCfg = Release|Any CPU
		{E7F76298-67D3-4A04-9910-8EA6A4F76820}.Release|Any CPU.Build.0 = Release|Any CPU
		{4474E31D-1218-44B0-8CEE-06A4CB8E0818}.Debug|Any CPU.ActiveCfg = Debug|Any CPU
		{4474E31D-1218-44B0-8CEE-06A4CB8E0818}.Debug|Any CPU.Build.0 = Debug|Any CPU
		{4474E31D-1218-44B0-8CEE-06A4CB8E0818}.Release|Any CPU.ActiveCfg = Release|Any CPU
		{4474E31D-1218-44B0-8CEE-06A4CB8E0818}.Release|Any CPU.Build.0 = Release|Any CPU
		{A073DA3D-FB09-40A5-B6FE-55C2390D762C}.Debug|Any CPU.ActiveCfg = Debug|Any CPU
		{A073DA3D-FB09-40A5-B6FE-55C2390D762C}.Debug|Any CPU.Build.0 = Debug|Any CPU
		{A073DA3D-FB09-40A5-B6FE-55C2390D762C}.Release|Any CPU.ActiveCfg = Release|Any CPU
		{A073DA3D-FB09-40A5-B6FE-55C2390D762C}.Release|Any CPU.Build.0 = Release|Any CPU
		{38F8E4B8-D311-436E-8E3E-D3FDB8B5FFB4}.Debug|Any CPU.ActiveCfg = Debug|Any CPU
		{38F8E4B8-D311-436E-8E3E-D3FDB8B5FFB4}.Debug|Any CPU.Build.0 = Debug|Any CPU
		{38F8E4B8-D311-436E-8E3E-D3FDB8B5FFB4}.Release|Any CPU.ActiveCfg = Release|Any CPU
		{38F8E4B8-D311-436E-8E3E-D3FDB8B5FFB4}.Release|Any CPU.Build.0 = Release|Any CPU
		{4691FB05-580F-40DF-92CA-E299AC4385B7}.Debug|Any CPU.ActiveCfg = Debug|Any CPU
		{4691FB05-580F-40DF-92CA-E299AC4385B7}.Debug|Any CPU.Build.0 = Debug|Any CPU
		{4691FB05-580F-40DF-92CA-E299AC4385B7}.Release|Any CPU.ActiveCfg = Release|Any CPU
		{4691FB05-580F-40DF-92CA-E299AC4385B7}.Release|Any CPU.Build.0 = Release|Any CPU
		{76B8E56A-CD22-4736-9B85-180E4EE050FD}.Debug|Any CPU.ActiveCfg = Debug|Any CPU
		{76B8E56A-CD22-4736-9B85-180E4EE050FD}.Debug|Any CPU.Build.0 = Debug|Any CPU
		{76B8E56A-CD22-4736-9B85-180E4EE050FD}.Release|Any CPU.ActiveCfg = Release|Any CPU
		{76B8E56A-CD22-4736-9B85-180E4EE050FD}.Release|Any CPU.Build.0 = Release|Any CPU
		{D1A0734C-BA88-4FE2-9BF7-598033CBFCA8}.Debug|Any CPU.ActiveCfg = Debug|Any CPU
		{D1A0734C-BA88-4FE2-9BF7-598033CBFCA8}.Debug|Any CPU.Build.0 = Debug|Any CPU
		{D1A0734C-BA88-4FE2-9BF7-598033CBFCA8}.Release|Any CPU.ActiveCfg = Release|Any CPU
		{D1A0734C-BA88-4FE2-9BF7-598033CBFCA8}.Release|Any CPU.Build.0 = Release|Any CPU
		{63ACC62E-A6F8-4139-B898-40D8070160E5}.Debug|Any CPU.ActiveCfg = Debug|Any CPU
		{63ACC62E-A6F8-4139-B898-40D8070160E5}.Debug|Any CPU.Build.0 = Debug|Any CPU
		{63ACC62E-A6F8-4139-B898-40D8070160E5}.Release|Any CPU.ActiveCfg = Release|Any CPU
		{63ACC62E-A6F8-4139-B898-40D8070160E5}.Release|Any CPU.Build.0 = Release|Any CPU
		{20A140BC-AEAF-4E0A-9E12-ED971A4ACA56}.Debug|Any CPU.ActiveCfg = Debug|Any CPU
		{20A140BC-AEAF-4E0A-9E12-ED971A4ACA56}.Debug|Any CPU.Build.0 = Debug|Any CPU
		{20A140BC-AEAF-4E0A-9E12-ED971A4ACA56}.Release|Any CPU.ActiveCfg = Release|Any CPU
		{20A140BC-AEAF-4E0A-9E12-ED971A4ACA56}.Release|Any CPU.Build.0 = Release|Any CPU
		{9E405BDC-4FD8-46F3-9E09-1A8C863D1914}.Debug|Any CPU.ActiveCfg = Debug|Any CPU
		{9E405BDC-4FD8-46F3-9E09-1A8C863D1914}.Debug|Any CPU.Build.0 = Debug|Any CPU
		{9E405BDC-4FD8-46F3-9E09-1A8C863D1914}.Release|Any CPU.ActiveCfg = Release|Any CPU
		{9E405BDC-4FD8-46F3-9E09-1A8C863D1914}.Release|Any CPU.Build.0 = Release|Any CPU
		{ED576C7D-0A0C-4071-B30E-F47AB979EDB7}.Debug|Any CPU.ActiveCfg = Debug|Any CPU
		{ED576C7D-0A0C-4071-B30E-F47AB979EDB7}.Debug|Any CPU.Build.0 = Debug|Any CPU
		{ED576C7D-0A0C-4071-B30E-F47AB979EDB7}.Release|Any CPU.ActiveCfg = Release|Any CPU
		{ED576C7D-0A0C-4071-B30E-F47AB979EDB7}.Release|Any CPU.Build.0 = Release|Any CPU
		{6E9433B3-C0C5-4E03-9E54-65BDF30AFC64}.Debug|Any CPU.ActiveCfg = Debug|Any CPU
		{6E9433B3-C0C5-4E03-9E54-65BDF30AFC64}.Debug|Any CPU.Build.0 = Debug|Any CPU
		{6E9433B3-C0C5-4E03-9E54-65BDF30AFC64}.Release|Any CPU.ActiveCfg = Release|Any CPU
		{6E9433B3-C0C5-4E03-9E54-65BDF30AFC64}.Release|Any CPU.Build.0 = Release|Any CPU
		{E37903C9-1DE9-4AC7-969F-CB64C0C1F6BE}.Debug|Any CPU.ActiveCfg = Debug|Any CPU
		{E37903C9-1DE9-4AC7-969F-CB64C0C1F6BE}.Debug|Any CPU.Build.0 = Debug|Any CPU
		{E37903C9-1DE9-4AC7-969F-CB64C0C1F6BE}.Release|Any CPU.ActiveCfg = Release|Any CPU
		{E37903C9-1DE9-4AC7-969F-CB64C0C1F6BE}.Release|Any CPU.Build.0 = Release|Any CPU
		{2D8D46CA-6C7F-435D-AD28-A0B747261D34}.Debug|Any CPU.ActiveCfg = Debug|Any CPU
		{2D8D46CA-6C7F-435D-AD28-A0B747261D34}.Debug|Any CPU.Build.0 = Debug|Any CPU
		{2D8D46CA-6C7F-435D-AD28-A0B747261D34}.Release|Any CPU.ActiveCfg = Release|Any CPU
		{2D8D46CA-6C7F-435D-AD28-A0B747261D34}.Release|Any CPU.Build.0 = Release|Any CPU
		{C33A44F5-321E-4BE1-8CB5-6FB1E43D26C8}.Debug|Any CPU.ActiveCfg = Debug|Any CPU
		{C33A44F5-321E-4BE1-8CB5-6FB1E43D26C8}.Debug|Any CPU.Build.0 = Debug|Any CPU
		{C33A44F5-321E-4BE1-8CB5-6FB1E43D26C8}.Release|Any CPU.ActiveCfg = Release|Any CPU
		{C33A44F5-321E-4BE1-8CB5-6FB1E43D26C8}.Release|Any CPU.Build.0 = Release|Any CPU
		{E4CE9739-ED66-4F57-A4BC-385669FD74B6}.Debug|Any CPU.ActiveCfg = Debug|Any CPU
		{E4CE9739-ED66-4F57-A4BC-385669FD74B6}.Debug|Any CPU.Build.0 = Debug|Any CPU
		{E4CE9739-ED66-4F57-A4BC-385669FD74B6}.Release|Any CPU.ActiveCfg = Release|Any CPU
		{E4CE9739-ED66-4F57-A4BC-385669FD74B6}.Release|Any CPU.Build.0 = Release|Any CPU
		{B6BE1303-41D6-4BEC-A5C9-C16A6C18C1F2}.Debug|Any CPU.ActiveCfg = Debug|Any CPU
		{B6BE1303-41D6-4BEC-A5C9-C16A6C18C1F2}.Debug|Any CPU.Build.0 = Debug|Any CPU
		{B6BE1303-41D6-4BEC-A5C9-C16A6C18C1F2}.Release|Any CPU.ActiveCfg = Release|Any CPU
		{B6BE1303-41D6-4BEC-A5C9-C16A6C18C1F2}.Release|Any CPU.Build.0 = Release|Any CPU
		{9E77D376-F4A6-4651-B3E3-7753D5D8F3AE}.Debug|Any CPU.ActiveCfg = Debug|Any CPU
		{9E77D376-F4A6-4651-B3E3-7753D5D8F3AE}.Debug|Any CPU.Build.0 = Debug|Any CPU
		{9E77D376-F4A6-4651-B3E3-7753D5D8F3AE}.Release|Any CPU.ActiveCfg = Release|Any CPU
		{9E77D376-F4A6-4651-B3E3-7753D5D8F3AE}.Release|Any CPU.Build.0 = Release|Any CPU
		{F1BF9D65-3A5D-4C43-AAD7-8F95E7F46D01}.Debug|Any CPU.ActiveCfg = Debug|Any CPU
		{F1BF9D65-3A5D-4C43-AAD7-8F95E7F46D01}.Debug|Any CPU.Build.0 = Debug|Any CPU
		{F1BF9D65-3A5D-4C43-AAD7-8F95E7F46D01}.Release|Any CPU.ActiveCfg = Release|Any CPU
		{F1BF9D65-3A5D-4C43-AAD7-8F95E7F46D01}.Release|Any CPU.Build.0 = Release|Any CPU
		{2956A7E3-F016-4C18-ABBA-9402873DDB93}.Debug|Any CPU.ActiveCfg = Debug|Any CPU
		{2956A7E3-F016-4C18-ABBA-9402873DDB93}.Debug|Any CPU.Build.0 = Debug|Any CPU
		{2956A7E3-F016-4C18-ABBA-9402873DDB93}.Release|Any CPU.ActiveCfg = Release|Any CPU
		{2956A7E3-F016-4C18-ABBA-9402873DDB93}.Release|Any CPU.Build.0 = Release|Any CPU
		{BFBF7B24-366C-4FF9-A697-5BEC9977D59E}.Debug|Any CPU.ActiveCfg = Debug|Any CPU
		{BFBF7B24-366C-4FF9-A697-5BEC9977D59E}.Debug|Any CPU.Build.0 = Debug|Any CPU
		{BFBF7B24-366C-4FF9-A697-5BEC9977D59E}.Release|Any CPU.ActiveCfg = Release|Any CPU
		{BFBF7B24-366C-4FF9-A697-5BEC9977D59E}.Release|Any CPU.Build.0 = Release|Any CPU
		{71899DAD-8701-4B07-9A83-AB14ECAAA44E}.Debug|Any CPU.ActiveCfg = Debug|Any CPU
		{71899DAD-8701-4B07-9A83-AB14ECAAA44E}.Debug|Any CPU.Build.0 = Debug|Any CPU
		{71899DAD-8701-4B07-9A83-AB14ECAAA44E}.Release|Any CPU.ActiveCfg = Release|Any CPU
		{71899DAD-8701-4B07-9A83-AB14ECAAA44E}.Release|Any CPU.Build.0 = Release|Any CPU
		{10E839B9-46F7-4505-8106-06112702161C}.Debug|Any CPU.ActiveCfg = Debug|Any CPU
		{10E839B9-46F7-4505-8106-06112702161C}.Debug|Any CPU.Build.0 = Debug|Any CPU
		{10E839B9-46F7-4505-8106-06112702161C}.Release|Any CPU.ActiveCfg = Release|Any CPU
		{10E839B9-46F7-4505-8106-06112702161C}.Release|Any CPU.Build.0 = Release|Any CPU
		{609D386F-ED74-4300-9014-7359F4839DB0}.Debug|Any CPU.ActiveCfg = Debug|Any CPU
		{609D386F-ED74-4300-9014-7359F4839DB0}.Debug|Any CPU.Build.0 = Debug|Any CPU
		{609D386F-ED74-4300-9014-7359F4839DB0}.Release|Any CPU.ActiveCfg = Release|Any CPU
		{609D386F-ED74-4300-9014-7359F4839DB0}.Release|Any CPU.Build.0 = Release|Any CPU
		{950A6B70-46DD-470B-AD08-5DDC6B2B062A}.Debug|Any CPU.ActiveCfg = Debug|Any CPU
		{950A6B70-46DD-470B-AD08-5DDC6B2B062A}.Debug|Any CPU.Build.0 = Debug|Any CPU
		{950A6B70-46DD-470B-AD08-5DDC6B2B062A}.Release|Any CPU.ActiveCfg = Release|Any CPU
		{950A6B70-46DD-470B-AD08-5DDC6B2B062A}.Release|Any CPU.Build.0 = Release|Any CPU
		{529BE56F-74F3-441E-9D94-4711826D62EE}.Debug|Any CPU.ActiveCfg = Debug|Any CPU
		{529BE56F-74F3-441E-9D94-4711826D62EE}.Debug|Any CPU.Build.0 = Debug|Any CPU
		{529BE56F-74F3-441E-9D94-4711826D62EE}.Release|Any CPU.ActiveCfg = Release|Any CPU
		{529BE56F-74F3-441E-9D94-4711826D62EE}.Release|Any CPU.Build.0 = Release|Any CPU
		{5BE7CDF4-5CB5-4F0D-9041-2FCFF8DE28CC}.Debug|Any CPU.ActiveCfg = Debug|Any CPU
		{5BE7CDF4-5CB5-4F0D-9041-2FCFF8DE28CC}.Debug|Any CPU.Build.0 = Debug|Any CPU
		{5BE7CDF4-5CB5-4F0D-9041-2FCFF8DE28CC}.Release|Any CPU.ActiveCfg = Release|Any CPU
		{5BE7CDF4-5CB5-4F0D-9041-2FCFF8DE28CC}.Release|Any CPU.Build.0 = Release|Any CPU
		{2459FF44-4BD6-4808-8B34-2F8352411B6F}.Debug|Any CPU.ActiveCfg = Debug|Any CPU
		{2459FF44-4BD6-4808-8B34-2F8352411B6F}.Debug|Any CPU.Build.0 = Debug|Any CPU
		{2459FF44-4BD6-4808-8B34-2F8352411B6F}.Release|Any CPU.ActiveCfg = Release|Any CPU
		{2459FF44-4BD6-4808-8B34-2F8352411B6F}.Release|Any CPU.Build.0 = Release|Any CPU
		{3906A843-FD86-407A-A601-F2A4055ECA00}.Debug|Any CPU.ActiveCfg = Debug|Any CPU
		{3906A843-FD86-407A-A601-F2A4055ECA00}.Debug|Any CPU.Build.0 = Debug|Any CPU
		{3906A843-FD86-407A-A601-F2A4055ECA00}.Release|Any CPU.ActiveCfg = Release|Any CPU
		{3906A843-FD86-407A-A601-F2A4055ECA00}.Release|Any CPU.Build.0 = Release|Any CPU
		{AB9FF23B-4CC4-42C8-9B14-533F9A5DA3EC}.Debug|Any CPU.ActiveCfg = Debug|Any CPU
		{AB9FF23B-4CC4-42C8-9B14-533F9A5DA3EC}.Debug|Any CPU.Build.0 = Debug|Any CPU
		{AB9FF23B-4CC4-42C8-9B14-533F9A5DA3EC}.Release|Any CPU.ActiveCfg = Release|Any CPU
		{AB9FF23B-4CC4-42C8-9B14-533F9A5DA3EC}.Release|Any CPU.Build.0 = Release|Any CPU
		{8E78B961-C236-4BE9-AC7A-03D21E2CBB5F}.Debug|Any CPU.ActiveCfg = Debug|Any CPU
		{8E78B961-C236-4BE9-AC7A-03D21E2CBB5F}.Debug|Any CPU.Build.0 = Debug|Any CPU
		{8E78B961-C236-4BE9-AC7A-03D21E2CBB5F}.Release|Any CPU.ActiveCfg = Release|Any CPU
		{8E78B961-C236-4BE9-AC7A-03D21E2CBB5F}.Release|Any CPU.Build.0 = Release|Any CPU
		{B82D4666-F1B9-4EA7-B729-6E3B2266BE97}.Debug|Any CPU.ActiveCfg = Debug|Any CPU
		{B82D4666-F1B9-4EA7-B729-6E3B2266BE97}.Debug|Any CPU.Build.0 = Debug|Any CPU
		{B82D4666-F1B9-4EA7-B729-6E3B2266BE97}.Release|Any CPU.ActiveCfg = Release|Any CPU
		{B82D4666-F1B9-4EA7-B729-6E3B2266BE97}.Release|Any CPU.Build.0 = Release|Any CPU
		{958F02D4-AB2C-468D-8DB2-A5194641345F}.Debug|Any CPU.ActiveCfg = Debug|Any CPU
		{958F02D4-AB2C-468D-8DB2-A5194641345F}.Debug|Any CPU.Build.0 = Debug|Any CPU
		{958F02D4-AB2C-468D-8DB2-A5194641345F}.Release|Any CPU.ActiveCfg = Release|Any CPU
		{958F02D4-AB2C-468D-8DB2-A5194641345F}.Release|Any CPU.Build.0 = Release|Any CPU
		{4124FCBB-4FB9-4FD1-9432-6B41558649B8}.Debug|Any CPU.ActiveCfg = Debug|Any CPU
		{4124FCBB-4FB9-4FD1-9432-6B41558649B8}.Debug|Any CPU.Build.0 = Debug|Any CPU
		{4124FCBB-4FB9-4FD1-9432-6B41558649B8}.Release|Any CPU.ActiveCfg = Release|Any CPU
		{4124FCBB-4FB9-4FD1-9432-6B41558649B8}.Release|Any CPU.Build.0 = Release|Any CPU
		{D39F64E7-04A0-413A-8EB8-486466DF5145}.Debug|Any CPU.ActiveCfg = Debug|Any CPU
		{D39F64E7-04A0-413A-8EB8-486466DF5145}.Debug|Any CPU.Build.0 = Debug|Any CPU
		{D39F64E7-04A0-413A-8EB8-486466DF5145}.Release|Any CPU.ActiveCfg = Release|Any CPU
		{D39F64E7-04A0-413A-8EB8-486466DF5145}.Release|Any CPU.Build.0 = Release|Any CPU
		{A4D06E63-D2CE-41EF-9ABF-483167082AB3}.Debug|Any CPU.ActiveCfg = Debug|Any CPU
		{A4D06E63-D2CE-41EF-9ABF-483167082AB3}.Debug|Any CPU.Build.0 = Debug|Any CPU
		{A4D06E63-D2CE-41EF-9ABF-483167082AB3}.Release|Any CPU.ActiveCfg = Release|Any CPU
		{A4D06E63-D2CE-41EF-9ABF-483167082AB3}.Release|Any CPU.Build.0 = Release|Any CPU
	EndGlobalSection
	GlobalSection(SolutionProperties) = preSolution
		HideSolutionNode = FALSE
	EndGlobalSection
	GlobalSection(ExtensibilityGlobals) = postSolution
		SolutionGuid = {E11A0D23-9491-4F2C-BB50-5CA9422A20A5}
	EndGlobalSection
EndGlobal
